PODS:
  - Alamofire (4.8.2)
  - AlamofireImage (3.5.2):
    - Alamofire (~> 4.8)
  - Kanna (5.0.0)

DEPENDENCIES:
  - Alamofire
  - AlamofireImage
  - Kanna

SPEC REPOS:
  https://github.com/cocoapods/specs.git:
    - Alamofire
    - AlamofireImage
    - Kanna

SPEC CHECKSUMS:
  Alamofire: ae5c501addb7afdbb13687d7f2f722c78734c2d3
  AlamofireImage: 63cfe3baf1370be6c498149687cf6db3e3b00999
  Kanna: a32875df62975f8f4b871e933b4ea1a5c3b8be0f

PODFILE CHECKSUM: 084e1404a086b52687dc066e7f5e4664377b721a

COCOAPODS: 1.7.5
