// !$*UTF8*$!
{
	archiveVersion = 1;
	classes = {
	};
	objectVersion = 50;
	objects = {

/* Begin PBXBuildFile section */
		E294C8F122ECE3C9000F4803 /* AppDelegate.swift in Sources */ = {isa = PBXBuildFile; fileRef = E294C8F022ECE3C9000F4803 /* AppDelegate.swift */; };
		E294C8F322ECE3C9000F4803 /* ViewController.swift in Sources */ = {isa = PBXBuildFile; fileRef = E294C8F222ECE3C9000F4803 /* ViewController.swift */; };
		E294C8F622ECE3C9000F4803 /* Main.storyboard in Resources */ = {isa = PBXBuildFile; fileRef = E294C8F422ECE3C9000F4803 /* Main.storyboard */; };
		E294C8F822ECE3CA000F4803 /* Assets.xcassets in Resources */ = {isa = PBXBuildFile; fileRef = E294C8F722ECE3CA000F4803 /* Assets.xcassets */; };
		E294C8FB22ECE3CA000F4803 /* LaunchScreen.storyboard in Resources */ = {isa = PBXBuildFile; fileRef = E294C8F922ECE3CA000F4803 /* LaunchScreen.storyboard */; };
/* End PBXBuildFile section */

/* Begin PBXFileReference section */
		E294C8ED22ECE3C9000F4803 /* bat.app */ = {isa = PBXFileReference; explicitFileType = wrapper.application; includeInIndex = 0; path = bat.app; sourceTree = BUILT_PRODUCTS_DIR; };
		E294C8F022ECE3C9000F4803 /* AppDelegate.swift */ = {isa = PBXFileReference; lastKnownFileType = sourcecode.swift; path = AppDelegate.swift; sourceTree = "<group>"; };
		E294C8F222ECE3C9000F4803 /* ViewController.swift */ = {isa = PBXFileReference; lastKnownFileType = sourcecode.swift; path = ViewController.swift; sourceTree = "<group>"; };
		E294C8F522ECE3C9000F4803 /* Base */ = {isa = PBXFileReference; lastKnownFileType = file.storyboard; name = Base; path = Base.lproj/Main.storyboard; sourceTree = "<group>"; };
		E294C8F722ECE3CA000F4803 /* Assets.xcassets */ = {isa = PBXFileReference; lastKnownFileType = folder.assetcatalog; path = Assets.xcassets; sourceTree = "<group>"; };
		E294C8FA22ECE3CA000F4803 /* Base */ = {isa = PBXFileReference; lastKnownFileType = file.storyboard; name = Base; path = Base.lproj/LaunchScreen.storyboard; sourceTree = "<group>"; };
		E294C8FC22ECE3CA000F4803 /* Info.plist */ = {isa = PBXFileReference; lastKnownFileType = text.plist.xml; path = Info.plist; sourceTree = "<group>"; };
/* End PBXFileReference section */

/* Begin PBXFrameworksBuildPhase section */
		E294C8EA22ECE3C9000F4803 /* Frameworks */ = {
			isa = PBXFrameworksBuildPhase;
			buildActionMask = 2147483647;
			files = (
			);
			runOnlyForDeploymentPostprocessing = 0;
		};
/* End PBXFrameworksBuildPhase section */

/* Begin PBXGroup section */
		E294C8E422ECE3C9000F4803 = {
			isa = PBXGroup;
			children = (
				E294C8EF22ECE3C9000F4803 /* bat */,
				E294C8EE22ECE3C9000F4803 /* Products */,
			);
			sourceTree = "<group>";
		};
		E294C8EE22ECE3C9000F4803 /* Products */ = {
			isa = PBXGroup;
			children = (
				E294C8ED22ECE3C9000F4803 /* bat.app */,
			);
			name = Products;
			sourceTree = "<group>";
		};
		E294C8EF22ECE3C9000F4803 /* bat */ = {
			isa = PBXGroup;
			children = (
				E294C8F022ECE3C9000F4803 /* AppDelegate.swift */,
				E294C8F222ECE3C9000F4803 /* ViewController.swift */,
				E294C8F422ECE3C9000F4803 /* Main.storyboard */,
				E294C8F722ECE3CA000F4803 /* Assets.xcassets */,
				E294C8F922ECE3CA000F4803 /* LaunchScreen.storyboard */,
				E294C8FC22ECE3CA000F4803 /* Info.plist */,
			);
			path = bat;
			sourceTree = "<group>";
		};
/* End PBXGroup section */

/* Begin PBXNativeTarget section */
		E294C8EC22ECE3C9000F4803 /* bat */ = {
			isa = PBXNativeTarget;
			buildConfigurationList = E294C8FF22ECE3CA000F4803 /* Build configuration list for PBXNativeTarget "bat" */;
			buildPhases = (
				E294C8E922ECE3C9000F4803 /* Sources */,
				E294C8EA22ECE3C9000F4803 /* Frameworks */,
				E294C8EB22ECE3C9000F4803 /* Resources */,
			);
			buildRules = (
			);
			dependencies = (
			);
			name = bat;
			productName = bat;
			productReference = E294C8ED22ECE3C9000F4803 /* bat.app */;
			productType = "com.apple.product-type.application";
		};
/* End PBXNativeTarget section */

/* Begin PBXProject section */
		E294C8E522ECE3C9000F4803 /* Project object */ = {
			isa = PBXProject;
			attributes = {
				LastSwiftUpdateCheck = 1030;
				LastUpgradeCheck = 1030;
				ORGANIZATIONNAME = foobax;
				TargetAttributes = {
					E294C8EC22ECE3C9000F4803 = {
						CreatedOnToolsVersion = 10.3;
					};
				};
			};
			buildConfigurationList = E294C8E822ECE3C9000F4803 /* Build configuration list for PBXProject "bat" */;
			compatibilityVersion = "Xcode 9.3";
			developmentRegion = en;
			hasScannedForEncodings = 0;
			knownRegions = (
				en,
				Base,
			);
			mainGroup = E294C8E422ECE3C9000F4803;
			productRefGroup = E294C8EE22ECE3C9000F4803 /* Products */;
			projectDirPath = "";
			projectRoot = "";
			targets = (
				E294C8EC22ECE3C9000F4803 /* bat */,
			);
		};
/* End PBXProject section */

/* Begin PBXResourcesBuildPhase section */
		E294C8EB22ECE3C9000F4803 /* Resources */ = {
			isa = PBXResourcesBuildPhase;
			buildActionMask = 2147483647;
			files = (
				E294C8FB22ECE3CA000F4803 /* LaunchScreen.storyboard in Resources */,
				E294C8F822ECE3CA000F4803 /* Assets.xcassets in Resources */,
				E294C8F622ECE3C9000F4803 /* Main.storyboard in Resources */,
			);
			runOnlyForDeploymentPostprocessing = 0;
		};
/* End PBXResourcesBuildPhase section */

/* Begin PBXSourcesBuildPhase section */
		E294C8E922ECE3C9000F4803 /* Sources */ = {
			isa = PBXSourcesBuildPhase;
			buildActionMask = 2147483647;
			files = (
				E294C8F322ECE3C9000F4803 /* ViewController.swift in Sources */,
				E294C8F122ECE3C9000F4803 /* AppDelegate.swift in Sources */,
			);
			runOnlyForDeploymentPostprocessing = 0;
		};
/* End PBXSourcesBuildPhase section */

/* Begin PBXVariantGroup section */
		E294C8F422ECE3C9000F4803 /* Main.storyboard */ = {
			isa = PBXVariantGroup;
			children = (
				E294C8F522ECE3C9000F4803 /* Base */,
			);
			name = Main.storyboard;
			sourceTree = "<group>";
		};
		E294C8F922ECE3CA000F4803 /* LaunchScreen.storyboard */ = {
			isa = PBXVariantGroup;
			children = (
				E294C8FA22ECE3CA000F4803 /* Base */,
			);
			name = LaunchScreen.storyboard;
			sourceTree = "<group>";
		};
/* End PBXVariantGroup section */

/* Begin XCBuildConfiguration section */
		E294C8FD22ECE3CA000F4803 /* Debug */ = {
			isa = XCBuildConfiguration;
			buildSettings = {
				ALWAYS_SEARCH_USER_PATHS = NO;
				CLANG_ANALYZER_NONNULL = YES;
				CLANG_ANALYZER_NUMBER_OBJECT_CONVERSION = YES_AGGRESSIVE;
				CLANG_CXX_LANGUAGE_STANDARD = "gnu++14";
				CLANG_CXX_LIBRARY = "libc++";
				CLANG_ENABLE_MODULES = YES;
				CLANG_ENABLE_OBJC_ARC = YES;
				CLANG_ENABLE_OBJC_WEAK = YES;
				CLANG_WARN_BLOCK_CAPTURE_AUTORELEASING = YES;
				CLANG_WARN_BOOL_CONVERSION = YES;
				CLANG_WARN_COMMA = YES;
				CLANG_WARN_CONSTANT_CONVERSION = YES;
				CLANG_WARN_DEPRECATED_OBJC_IMPLEMENTATIONS = YES;
				CLANG_WARN_DIRECT_OBJC_ISA_USAGE = YES_ERROR;
				CLANG_WARN_DOCUMENTATION_COMMENTS = YES;
				CLANG_WARN_EMPTY_BODY = YES;
				CLANG_WARN_ENUM_CONVERSION = YES;
				CLANG_WARN_INFINITE_RECURSION = YES;
				CLANG_WARN_INT_CONVERSION = YES;
				CLANG_WARN_NON_LITERAL_NULL_CONVERSION = YES;
				CLANG_WARN_OBJC_IMPLICIT_RETAIN_SELF = YES;
				CLANG_WARN_OBJC_LITERAL_CONVERSION = YES;
				CLANG_WARN_OBJC_ROOT_CLASS = YES_ERROR;
				CLANG_WARN_RANGE_LOOP_ANALYSIS = YES;
				CLANG_WARN_STRICT_PROTOTYPES = YES;
				CLANG_WARN_SUSPICIOUS_MOVE = YES;
				CLANG_WARN_UNGUARDED_AVAILABILITY = YES_AGGRESSIVE;
				CLANG_WARN_UNREACHABLE_CODE = YES;
				CLANG_WARN__DUPLICATE_METHOD_MATCH = YES;
				CODE_SIGN_IDENTITY = "iPhone Developer";
				COPY_PHASE_STRIP = NO;
				DEBUG_INFORMATION_FORMAT = dwarf;
				ENABLE_STRICT_OBJC_MSGSEND = YES;
				ENABLE_TESTABILITY = YES;
				GCC_C_LANGUAGE_STANDARD = gnu11;
				GCC_DYNAMIC_NO_PIC = NO;
				GCC_NO_COMMON_BLOCKS = YES;
				GCC_OPTIMIZATION_LEVEL = 0;
				GCC_PREPROCESSOR_DEFINITIONS = (
					"DEBUG=1",
					"$(inherited)",
				);
				GCC_WARN_64_TO_32_BIT_CONVERSION = YES;
				GCC_WARN_ABOUT_RETURN_TYPE = YES_ERROR;
				GCC_WARN_UNDECLARED_SELECTOR = YES;
				GCC_WARN_UNINITIALIZED_AUTOS = YES_AGGRESSIVE;
				GCC_WARN_UNUSED_FUNCTION = YES;
				GCC_WARN_UNUSED_VARIABLE = YES;
				IPHONEOS_DEPLOYMENT_TARGET = 12.4;
				MTL_ENABLE_DEBUG_INFO = INCLUDE_SOURCE;
				MTL_FAST_MATH = YES;
				ONLY_ACTIVE_ARCH = YES;
				SDKROOT = iphoneos;
				SWIFT_ACTIVE_COMPILATION_CONDITIONS = DEBUG;
				SWIFT_OPTIMIZATION_LEVEL = "-Onone";
			};
			name = Debug;
		};
		E294C8FE22ECE3CA000F4803 /* Release */ = {
			isa = XCBuildConfiguration;
			buildSettings = {
				ALWAYS_SEARCH_USER_PATHS = NO;
				CLANG_ANALYZER_NONNULL = YES;
				CLANG_ANALYZER_NUMBER_OBJECT_CONVERSION = YES_AGGRESSIVE;
				CLANG_CXX_LANGUAGE_STANDARD = "gnu++14";
				CLANG_CXX_LIBRARY = "libc++";
				CLANG_ENABLE_MODULES = YES;
				CLANG_ENABLE_OBJC_ARC = YES;
				CLANG_ENABLE_OBJC_WEAK = YES;
				CLANG_WARN_BLOCK_CAPTURE_AUTORELEASING = YES;
				CLANG_WARN_BOOL_CONVERSION = YES;
				CLANG_WARN_COMMA = YES;
				CLANG_WARN_CONSTANT_CONVERSION = YES;
				CLANG_WARN_DEPRECATED_OBJC_IMPLEMENTATIONS = YES;
				CLANG_WARN_DIRECT_OBJC_ISA_USAGE = YES_ERROR;
				CLANG_WARN_DOCUMENTATION_COMMENTS = YES;
				CLANG_WARN_EMPTY_BODY = YES;
				CLANG_WARN_ENUM_CONVERSION = YES;
				CLANG_WARN_INFINITE_RECURSION = YES;
				CLANG_WARN_INT_CONVERSION = YES;
				CLANG_WARN_NON_LITERAL_NULL_CONVERSION = YES;
				CLANG_WARN_OBJC_IMPLICIT_RETAIN_SELF = YES;
				CLANG_WARN_OBJC_LITERAL_CONVERSION = YES;
				CLANG_WARN_OBJC_ROOT_CLASS = YES_ERROR;
				CLANG_WARN_RANGE_LOOP_ANALYSIS = YES;
				CLANG_WARN_STRICT_PROTOTYPES = YES;
				CLANG_WARN_SUSPICIOUS_MOVE = YES;
				CLANG_WARN_UNGUARDED_AVAILABILITY = YES_AGGRESSIVE;
				CLANG_WARN_UNREACHABLE_CODE = YES;
				CLANG_WARN__DUPLICATE_METHOD_MATCH = YES;
				CODE_SIGN_IDENTITY = "iPhone Developer";
				COPY_PHASE_STRIP = NO;
				DEBUG_INFORMATION_FORMAT = "dwarf-with-dsym";
				ENABLE_NS_ASSERTIONS = NO;
				ENABLE_STRICT_OBJC_MSGSEND = YES;
				GCC_C_LANGUAGE_STANDARD = gnu11;
				GCC_NO_COMMON_BLOCKS = YES;
				GCC_WARN_64_TO_32_BIT_CONVERSION = YES;
				GCC_WARN_ABOUT_RETURN_TYPE = YES_ERROR;
				GCC_WARN_UNDECLARED_SELECTOR = YES;
				GCC_WARN_UNINITIALIZED_AUTOS = YES_AGGRESSIVE;
				GCC_WARN_UNUSED_FUNCTION = YES;
				GCC_WARN_UNUSED_VARIABLE = YES;
				IPHONEOS_DEPLOYMENT_TARGET = 12.4;
				MTL_ENABLE_DEBUG_INFO = NO;
				MTL_FAST_MATH = YES;
				SDKROOT = iphoneos;
				SWIFT_COMPILATION_MODE = wholemodule;
				SWIFT_OPTIMIZATION_LEVEL = "-O";
				VALIDATE_PRODUCT = YES;
			};
			name = Release;
		};
		E294C90022ECE3CA000F4803 /* Debug */ = {
			isa = XCBuildConfiguration;
			buildSettings = {
				ASSETCATALOG_COMPILER_APPICON_NAME = AppIcon;
				CODE_SIGN_STYLE = Automatic;
				INFOPLIST_FILE = bat/Info.plist;
				LD_RUNPATH_SEARCH_PATHS = (
					"$(inherited)",
					"@executable_path/Frameworks",
				);
				PRODUCT_BUNDLE_IDENTIFIER = com.foobax.bat;
				PRODUCT_NAME = "$(TARGET_NAME)";
				SWIFT_VERSION = 5.0;
				TARGETED_DEVICE_FAMILY = "1,2";
			};
			name = Debug;
		};
		E294C90122ECE3CA000F4803 /* Release */ = {
			isa = XCBuildConfiguration;
			buildSettings = {
				ASSETCATALOG_COMPILER_APPICON_NAME = AppIcon;
				CODE_SIGN_STYLE = Automatic;
				INFOPLIST_FILE = bat/Info.plist;
				LD_RUNPATH_SEARCH_PATHS = (
					"$(inherited)",
					"@executable_path/Frameworks",
				);
				PRODUCT_BUNDLE_IDENTIFIER = com.foobax.bat;
				PRODUCT_NAME = "$(TARGET_NAME)";
				SWIFT_VERSION = 5.0;
				TARGETED_DEVICE_FAMILY = "1,2";
			};
			name = Release;
		};
/* End XCBuildConfiguration section */

/* Begin XCConfigurationList section */
		E294C8E822ECE3C9000F4803 /* Build configuration list for PBXProject "bat" */ = {
			isa = XCConfigurationList;
			buildConfigurations = (
				E294C8FD22ECE3CA000F4803 /* Debug */,
				E294C8FE22ECE3CA000F4803 /* Release */,
			);
			defaultConfigurationIsVisible = 0;
			defaultConfigurationName = Release;
		};
		E294C8FF22ECE3CA000F4803 /* Build configuration list for PBXNativeTarget "bat" */ = {
			isa = XCConfigurationList;
			buildConfigurations = (
				E294C90022ECE3CA000F4803 /* Debug */,
				E294C90122ECE3CA000F4803 /* Release */,
			);
			defaultConfigurationIsVisible = 0;
			defaultConfigurationName = Release;
		};
/* End XCConfigurationList section */
	};
	rootObject = E294C8E522ECE3C9000F4803 /* Project object */;
}
